// !$*UTF8*$!
{
	archiveVersion = 1;
	classes = {
	};
	objectVersion = 50;
	objects = {

/* Begin PBXBuildFile section */
		0C4C6EEF3B607DD9CCFB9545 /* Pods_UA_BalanceUITests.framework in Frameworks */ = {isa = PBXBuildFile; fileRef = E215B36FFFB25FEA05A055CA /* Pods_UA_BalanceUITests.framework */; };
		66671BF6523DDD1E2F999B22 /* Pods_UA_Balance.framework in Frameworks */ = {isa = PBXBuildFile; fileRef = DA96D04FC1F9F7BD996AC493 /* Pods_UA_Balance.framework */; };
		71A4C5C1208FEEB000EA8BB7 /* Controller.swift in Sources */ = {isa = PBXBuildFile; fileRef = 71A4C5C0208FEEB000EA8BB7 /* Controller.swift */; };
		71A4C5C3208FF09500EA8BB7 /* Profile.swift in Sources */ = {isa = PBXBuildFile; fileRef = 71A4C5C2208FF09500EA8BB7 /* Profile.swift */; };
		71A4C5C5208FF49200EA8BB7 /* Dayta.swift in Sources */ = {isa = PBXBuildFile; fileRef = 71A4C5C4208FF49200EA8BB7 /* Dayta.swift */; };
		71A4C5C7208FF4B100EA8BB7 /* VoiceGeneration.swift in Sources */ = {isa = PBXBuildFile; fileRef = 71A4C5C6208FF4B100EA8BB7 /* VoiceGeneration.swift */; };
		71A4C5CA2090F7E800EA8BB7 /* HistoryViewController.swift in Sources */ = {isa = PBXBuildFile; fileRef = 71A4C5C82090F7E800EA8BB7 /* HistoryViewController.swift */; };
		71A4C5CB2090F7E800EA8BB7 /* HistoryViewController.xib in Resources */ = {isa = PBXBuildFile; fileRef = 71A4C5C92090F7E800EA8BB7 /* HistoryViewController.xib */; };
		71A4C5CE2090F9CD00EA8BB7 /* MainTab.swift in Sources */ = {isa = PBXBuildFile; fileRef = 71A4C5CC2090F9CD00EA8BB7 /* MainTab.swift */; };
		71A4C5CF2090F9CD00EA8BB7 /* MainTab.xib in Resources */ = {isa = PBXBuildFile; fileRef = 71A4C5CD2090F9CD00EA8BB7 /* MainTab.xib */; };
		71A4C5D1209169C600EA8BB7 /* RoundButton.swift in Sources */ = {isa = PBXBuildFile; fileRef = 71A4C5D0209169C600EA8BB7 /* RoundButton.swift */; };
		71DEE05B207BFEF00030822F /* AppDelegate.swift in Sources */ = {isa = PBXBuildFile; fileRef = 71DEE05A207BFEF00030822F /* AppDelegate.swift */; };
		71DEE05D207BFEF00030822F /* FirstViewController.swift in Sources */ = {isa = PBXBuildFile; fileRef = 71DEE05C207BFEF00030822F /* FirstViewController.swift */; };
		71DEE05F207BFEF00030822F /* SecondViewController.swift in Sources */ = {isa = PBXBuildFile; fileRef = 71DEE05E207BFEF00030822F /* SecondViewController.swift */; };
		71DEE062207BFEF00030822F /* Main.storyboard in Resources */ = {isa = PBXBuildFile; fileRef = 71DEE060207BFEF00030822F /* Main.storyboard */; };
		71DEE064207BFEF20030822F /* Assets.xcassets in Resources */ = {isa = PBXBuildFile; fileRef = 71DEE063207BFEF20030822F /* Assets.xcassets */; };
		71DEE067207BFEF20030822F /* LaunchScreen.storyboard in Resources */ = {isa = PBXBuildFile; fileRef = 71DEE065207BFEF20030822F /* LaunchScreen.storyboard */; };
		71DEE072207BFEF20030822F /* UA_BalanceTests.swift in Sources */ = {isa = PBXBuildFile; fileRef = 71DEE071207BFEF20030822F /* UA_BalanceTests.swift */; };
		71DEE07D207BFEF20030822F /* UA_BalanceUITests.swift in Sources */ = {isa = PBXBuildFile; fileRef = 71DEE07C207BFEF20030822F /* UA_BalanceUITests.swift */; };
		A2BC63E2923F589F10F2D7F7 /* Pods_UA_BalanceTests.framework in Frameworks */ = {isa = PBXBuildFile; fileRef = 02D63B1C037C55666ABFCCD3 /* Pods_UA_BalanceTests.framework */; };
/* End PBXBuildFile section */

/* Begin PBXContainerItemProxy section */
		71DEE06E207BFEF20030822F /* PBXContainerItemProxy */ = {
			isa = PBXContainerItemProxy;
			containerPortal = 71DEE04F207BFEF00030822F /* Project object */;
			proxyType = 1;
			remoteGlobalIDString = 71DEE056207BFEF00030822F;
			remoteInfo = "UA Balance";
		};
		71DEE079207BFEF20030822F /* PBXContainerItemProxy */ = {
			isa = PBXContainerItemProxy;
			containerPortal = 71DEE04F207BFEF00030822F /* Project object */;
			proxyType = 1;
			remoteGlobalIDString = 71DEE056207BFEF00030822F;
			remoteInfo = "UA Balance";
		};
/* End PBXContainerItemProxy section */

/* Begin PBXFileReference section */
		02D63B1C037C55666ABFCCD3 /* Pods_UA_BalanceTests.framework */ = {isa = PBXFileReference; explicitFileType = wrapper.framework; includeInIndex = 0; path = Pods_UA_BalanceTests.framework; sourceTree = BUILT_PRODUCTS_DIR; };
		24E8EE4FDA1F05884B0BBADD /* Pods-UA BalanceUITests.debug.xcconfig */ = {isa = PBXFileReference; includeInIndex = 1; lastKnownFileType = text.xcconfig; name = "Pods-UA BalanceUITests.debug.xcconfig"; path = "Pods/Target Support Files/Pods-UA BalanceUITests/Pods-UA BalanceUITests.debug.xcconfig"; sourceTree = "<group>"; };
		48253F4C36581BEB556E8E46 /* Pods-UA Balance.release.xcconfig */ = {isa = PBXFileReference; includeInIndex = 1; lastKnownFileType = text.xcconfig; name = "Pods-UA Balance.release.xcconfig"; path = "Pods/Target Support Files/Pods-UA Balance/Pods-UA Balance.release.xcconfig"; sourceTree = "<group>"; };
		71A4C5C0208FEEB000EA8BB7 /* Controller.swift */ = {isa = PBXFileReference; lastKnownFileType = sourcecode.swift; path = Controller.swift; sourceTree = "<group>"; };
		71A4C5C2208FF09500EA8BB7 /* Profile.swift */ = {isa = PBXFileReference; lastKnownFileType = sourcecode.swift; path = Profile.swift; sourceTree = "<group>"; };
		71A4C5C4208FF49200EA8BB7 /* Dayta.swift */ = {isa = PBXFileReference; lastKnownFileType = sourcecode.swift; path = Dayta.swift; sourceTree = "<group>"; };
		71A4C5C6208FF4B100EA8BB7 /* VoiceGeneration.swift */ = {isa = PBXFileReference; lastKnownFileType = sourcecode.swift; path = VoiceGeneration.swift; sourceTree = "<group>"; };
		71A4C5C82090F7E800EA8BB7 /* HistoryViewController.swift */ = {isa = PBXFileReference; lastKnownFileType = sourcecode.swift; path = HistoryViewController.swift; sourceTree = "<group>"; };
		71A4C5C92090F7E800EA8BB7 /* HistoryViewController.xib */ = {isa = PBXFileReference; lastKnownFileType = file.xib; path = HistoryViewController.xib; sourceTree = "<group>"; };
		71A4C5CC2090F9CD00EA8BB7 /* MainTab.swift */ = {isa = PBXFileReference; lastKnownFileType = sourcecode.swift; path = MainTab.swift; sourceTree = "<group>"; };
		71A4C5CD2090F9CD00EA8BB7 /* MainTab.xib */ = {isa = PBXFileReference; lastKnownFileType = file.xib; path = MainTab.xib; sourceTree = "<group>"; };
		71A4C5D0209169C600EA8BB7 /* RoundButton.swift */ = {isa = PBXFileReference; lastKnownFileType = sourcecode.swift; path = RoundButton.swift; sourceTree = "<group>"; };
		71DEE057207BFEF00030822F /* UA Balance.app */ = {isa = PBXFileReference; explicitFileType = wrapper.application; includeInIndex = 0; path = "UA Balance.app"; sourceTree = BUILT_PRODUCTS_DIR; };
		71DEE05A207BFEF00030822F /* AppDelegate.swift */ = {isa = PBXFileReference; lastKnownFileType = sourcecode.swift; path = AppDelegate.swift; sourceTree = "<group>"; };
		71DEE05C207BFEF00030822F /* FirstViewController.swift */ = {isa = PBXFileReference; lastKnownFileType = sourcecode.swift; path = FirstViewController.swift; sourceTree = "<group>"; };
		71DEE05E207BFEF00030822F /* SecondViewController.swift */ = {isa = PBXFileReference; lastKnownFileType = sourcecode.swift; path = SecondViewController.swift; sourceTree = "<group>"; };
		71DEE061207BFEF00030822F /* Base */ = {isa = PBXFileReference; lastKnownFileType = file.storyboard; name = Base; path = Base.lproj/Main.storyboard; sourceTree = "<group>"; };
		71DEE063207BFEF20030822F /* Assets.xcassets */ = {isa = PBXFileReference; lastKnownFileType = folder.assetcatalog; path = Assets.xcassets; sourceTree = "<group>"; };
		71DEE066207BFEF20030822F /* Base */ = {isa = PBXFileReference; lastKnownFileType = file.storyboard; name = Base; path = Base.lproj/LaunchScreen.storyboard; sourceTree = "<group>"; };
		71DEE068207BFEF20030822F /* Info.plist */ = {isa = PBXFileReference; lastKnownFileType = text.plist.xml; path = Info.plist; sourceTree = "<group>"; };
		71DEE06D207BFEF20030822F /* UA BalanceTests.xctest */ = {isa = PBXFileReference; explicitFileType = wrapper.cfbundle; includeInIndex = 0; path = "UA BalanceTests.xctest"; sourceTree = BUILT_PRODUCTS_DIR; };
		71DEE071207BFEF20030822F /* UA_BalanceTests.swift */ = {isa = PBXFileReference; lastKnownFileType = sourcecode.swift; path = UA_BalanceTests.swift; sourceTree = "<group>"; };
		71DEE073207BFEF20030822F /* Info.plist */ = {isa = PBXFileReference; lastKnownFileType = text.plist.xml; path = Info.plist; sourceTree = "<group>"; };
		71DEE078207BFEF20030822F /* UA BalanceUITests.xctest */ = {isa = PBXFileReference; explicitFileType = wrapper.cfbundle; includeInIndex = 0; path = "UA BalanceUITests.xctest"; sourceTree = BUILT_PRODUCTS_DIR; };
		71DEE07C207BFEF20030822F /* UA_BalanceUITests.swift */ = {isa = PBXFileReference; lastKnownFileType = sourcecode.swift; path = UA_BalanceUITests.swift; sourceTree = "<group>"; };
		71DEE07E207BFEF20030822F /* Info.plist */ = {isa = PBXFileReference; lastKnownFileType = text.plist.xml; path = Info.plist; sourceTree = "<group>"; };
		D0315E521943F1B149906066 /* Pods-UA BalanceUITests.release.xcconfig */ = {isa = PBXFileReference; includeInIndex = 1; lastKnownFileType = text.xcconfig; name = "Pods-UA BalanceUITests.release.xcconfig"; path = "Pods/Target Support Files/Pods-UA BalanceUITests/Pods-UA BalanceUITests.release.xcconfig"; sourceTree = "<group>"; };
		D72D3C7772B81A62B5EB896D /* Pods-UA Balance.debug.xcconfig */ = {isa = PBXFileReference; includeInIndex = 1; lastKnownFileType = text.xcconfig; name = "Pods-UA Balance.debug.xcconfig"; path = "Pods/Target Support Files/Pods-UA Balance/Pods-UA Balance.debug.xcconfig"; sourceTree = "<group>"; };
		DA96D04FC1F9F7BD996AC493 /* Pods_UA_Balance.framework */ = {isa = PBXFileReference; explicitFileType = wrapper.framework; includeInIndex = 0; path = Pods_UA_Balance.framework; sourceTree = BUILT_PRODUCTS_DIR; };
		E215B36FFFB25FEA05A055CA /* Pods_UA_BalanceUITests.framework */ = {isa = PBXFileReference; explicitFileType = wrapper.framework; includeInIndex = 0; path = Pods_UA_BalanceUITests.framework; sourceTree = BUILT_PRODUCTS_DIR; };
		EE2575BA6B92589F60A32785 /* Pods-UA BalanceTests.release.xcconfig */ = {isa = PBXFileReference; includeInIndex = 1; lastKnownFileType = text.xcconfig; name = "Pods-UA BalanceTests.release.xcconfig"; path = "Pods/Target Support Files/Pods-UA BalanceTests/Pods-UA BalanceTests.release.xcconfig"; sourceTree = "<group>"; };
		F088C03EA2428C67A7F63106 /* Pods-UA BalanceTests.debug.xcconfig */ = {isa = PBXFileReference; includeInIndex = 1; lastKnownFileType = text.xcconfig; name = "Pods-UA BalanceTests.debug.xcconfig"; path = "Pods/Target Support Files/Pods-UA BalanceTests/Pods-UA BalanceTests.debug.xcconfig"; sourceTree = "<group>"; };
/* End PBXFileReference section */

/* Begin PBXFrameworksBuildPhase section */
		71DEE054207BFEF00030822F /* Frameworks */ = {
			isa = PBXFrameworksBuildPhase;
			buildActionMask = 2147483647;
			files = (
				66671BF6523DDD1E2F999B22 /* Pods_UA_Balance.framework in Frameworks */,
			);
			runOnlyForDeploymentPostprocessing = 0;
		};
		71DEE06A207BFEF20030822F /* Frameworks */ = {
			isa = PBXFrameworksBuildPhase;
			buildActionMask = 2147483647;
			files = (
				A2BC63E2923F589F10F2D7F7 /* Pods_UA_BalanceTests.framework in Frameworks */,
			);
			runOnlyForDeploymentPostprocessing = 0;
		};
		71DEE075207BFEF20030822F /* Frameworks */ = {
			isa = PBXFrameworksBuildPhase;
			buildActionMask = 2147483647;
			files = (
				0C4C6EEF3B607DD9CCFB9545 /* Pods_UA_BalanceUITests.framework in Frameworks */,
			);
			runOnlyForDeploymentPostprocessing = 0;
		};
/* End PBXFrameworksBuildPhase section */

/* Begin PBXGroup section */
		002258AB6369E54A7ACA0B37 /* Pods */ = {
			isa = PBXGroup;
			children = (
				D72D3C7772B81A62B5EB896D /* Pods-UA Balance.debug.xcconfig */,
				48253F4C36581BEB556E8E46 /* Pods-UA Balance.release.xcconfig */,
				F088C03EA2428C67A7F63106 /* Pods-UA BalanceTests.debug.xcconfig */,
				EE2575BA6B92589F60A32785 /* Pods-UA BalanceTests.release.xcconfig */,
				24E8EE4FDA1F05884B0BBADD /* Pods-UA BalanceUITests.debug.xcconfig */,
				D0315E521943F1B149906066 /* Pods-UA BalanceUITests.release.xcconfig */,
			);
			name = Pods;
			sourceTree = "<group>";
		};
		71DEE04E207BFEF00030822F = {
			isa = PBXGroup;
			children = (
				71DEE059207BFEF00030822F /* UA Balance */,
				71DEE070207BFEF20030822F /* UA BalanceTests */,
				71DEE07B207BFEF20030822F /* UA BalanceUITests */,
				71DEE058207BFEF00030822F /* Products */,
				002258AB6369E54A7ACA0B37 /* Pods */,
				C650615D7445E9AEF9BD1894 /* Frameworks */,
			);
			sourceTree = "<group>";
		};
		71DEE058207BFEF00030822F /* Products */ = {
			isa = PBXGroup;
			children = (
				71DEE057207BFEF00030822F /* UA Balance.app */,
				71DEE06D207BFEF20030822F /* UA BalanceTests.xctest */,
				71DEE078207BFEF20030822F /* UA BalanceUITests.xctest */,
			);
			name = Products;
			sourceTree = "<group>";
		};
		71DEE059207BFEF00030822F /* UA Balance */ = {
			isa = PBXGroup;
			children = (
				71DEE05A207BFEF00030822F /* AppDelegate.swift */,
				71DEE05C207BFEF00030822F /* FirstViewController.swift */,
				71DEE05E207BFEF00030822F /* SecondViewController.swift */,
				71DEE060207BFEF00030822F /* Main.storyboard */,
				71A4C5CC2090F9CD00EA8BB7 /* MainTab.swift */,
				71A4C5CD2090F9CD00EA8BB7 /* MainTab.xib */,
				71A4C5C82090F7E800EA8BB7 /* HistoryViewController.swift */,
				71A4C5C92090F7E800EA8BB7 /* HistoryViewController.xib */,
				71DEE063207BFEF20030822F /* Assets.xcassets */,
				71A4C5D0209169C600EA8BB7 /* RoundButton.swift */,
				71DEE065207BFEF20030822F /* LaunchScreen.storyboard */,
				71DEE068207BFEF20030822F /* Info.plist */,
				71A4C5C0208FEEB000EA8BB7 /* Controller.swift */,
				71A4C5C2208FF09500EA8BB7 /* Profile.swift */,
				71A4C5C6208FF4B100EA8BB7 /* VoiceGeneration.swift */,
				71A4C5C4208FF49200EA8BB7 /* Dayta.swift */,
			);
			path = "UA Balance";
			sourceTree = "<group>";
		};
		71DEE070207BFEF20030822F /* UA BalanceTests */ = {
			isa = PBXGroup;
			children = (
				71DEE071207BFEF20030822F /* UA_BalanceTests.swift */,
				71DEE073207BFEF20030822F /* Info.plist */,
			);
			path = "UA BalanceTests";
			sourceTree = "<group>";
		};
		71DEE07B207BFEF20030822F /* UA BalanceUITests */ = {
			isa = PBXGroup;
			children = (
				71DEE07C207BFEF20030822F /* UA_BalanceUITests.swift */,
				71DEE07E207BFEF20030822F /* Info.plist */,
			);
			path = "UA BalanceUITests";
			sourceTree = "<group>";
		};
		C650615D7445E9AEF9BD1894 /* Frameworks */ = {
			isa = PBXGroup;
			children = (
				DA96D04FC1F9F7BD996AC493 /* Pods_UA_Balance.framework */,
				02D63B1C037C55666ABFCCD3 /* Pods_UA_BalanceTests.framework */,
				E215B36FFFB25FEA05A055CA /* Pods_UA_BalanceUITests.framework */,
			);
			name = Frameworks;
			sourceTree = "<group>";
		};
/* End PBXGroup section */

/* Begin PBXNativeTarget section */
		71DEE056207BFEF00030822F /* UA Balance */ = {
			isa = PBXNativeTarget;
			buildConfigurationList = 71DEE081207BFEF20030822F /* Build configuration list for PBXNativeTarget "UA Balance" */;
			buildPhases = (
				C6F80A0ADCBFBD5DC6F7EE5B /* [CP] Check Pods Manifest.lock */,
				71DEE053207BFEF00030822F /* Sources */,
				71DEE054207BFEF00030822F /* Frameworks */,
				71DEE055207BFEF00030822F /* Resources */,
				6F1726960199EAECC6FD0BA0 /* [CP] Embed Pods Frameworks */,
			);
			buildRules = (
			);
			dependencies = (
			);
			name = "UA Balance";
			productName = "UA Balance";
			productReference = 71DEE057207BFEF00030822F /* UA Balance.app */;
			productType = "com.apple.product-type.application";
		};
		71DEE06C207BFEF20030822F /* UA BalanceTests */ = {
			isa = PBXNativeTarget;
			buildConfigurationList = 71DEE084207BFEF20030822F /* Build configuration list for PBXNativeTarget "UA BalanceTests" */;
			buildPhases = (
				25E95A72A1E32FFBB1CA494B /* [CP] Check Pods Manifest.lock */,
				71DEE069207BFEF20030822F /* Sources */,
				71DEE06A207BFEF20030822F /* Frameworks */,
				71DEE06B207BFEF20030822F /* Resources */,
			);
			buildRules = (
			);
			dependencies = (
				71DEE06F207BFEF20030822F /* PBXTargetDependency */,
			);
			name = "UA BalanceTests";
			productName = "UA BalanceTests";
			productReference = 71DEE06D207BFEF20030822F /* UA BalanceTests.xctest */;
			productType = "com.apple.product-type.bundle.unit-test";
		};
		71DEE077207BFEF20030822F /* UA BalanceUITests */ = {
			isa = PBXNativeTarget;
			buildConfigurationList = 71DEE087207BFEF20030822F /* Build configuration list for PBXNativeTarget "UA BalanceUITests" */;
			buildPhases = (
				4A34F0D87A787AF1DAD34B16 /* [CP] Check Pods Manifest.lock */,
				71DEE074207BFEF20030822F /* Sources */,
				71DEE075207BFEF20030822F /* Frameworks */,
				71DEE076207BFEF20030822F /* Resources */,
			);
			buildRules = (
			);
			dependencies = (
				71DEE07A207BFEF20030822F /* PBXTargetDependency */,
			);
			name = "UA BalanceUITests";
			productName = "UA BalanceUITests";
			productReference = 71DEE078207BFEF20030822F /* UA BalanceUITests.xctest */;
			productType = "com.apple.product-type.bundle.ui-testing";
		};
/* End PBXNativeTarget section */

/* Begin PBXProject section */
		71DEE04F207BFEF00030822F /* Project object */ = {
			isa = PBXProject;
			attributes = {
				LastSwiftUpdateCheck = 0930;
				LastUpgradeCheck = 0930;
				ORGANIZATIONNAME = "Sheldon Ruiz";
				TargetAttributes = {
					71DEE056207BFEF00030822F = {
						CreatedOnToolsVersion = 9.3;
					};
					71DEE06C207BFEF20030822F = {
						CreatedOnToolsVersion = 9.3;
						TestTargetID = 71DEE056207BFEF00030822F;
					};
					71DEE077207BFEF20030822F = {
						CreatedOnToolsVersion = 9.3;
						TestTargetID = 71DEE056207BFEF00030822F;
					};
				};
			};
			buildConfigurationList = 71DEE052207BFEF00030822F /* Build configuration list for PBXProject "UA Balance" */;
			compatibilityVersion = "Xcode 9.3";
			developmentRegion = en;
			hasScannedForEncodings = 0;
			knownRegions = (
				en,
				Base,
			);
			mainGroup = 71DEE04E207BFEF00030822F;
			productRefGroup = 71DEE058207BFEF00030822F /* Products */;
			projectDirPath = "";
			projectRoot = "";
			targets = (
				71DEE056207BFEF00030822F /* UA Balance */,
				71DEE06C207BFEF20030822F /* UA BalanceTests */,
				71DEE077207BFEF20030822F /* UA BalanceUITests */,
			);
		};
/* End PBXProject section */

/* Begin PBXResourcesBuildPhase section */
		71DEE055207BFEF00030822F /* Resources */ = {
			isa = PBXResourcesBuildPhase;
			buildActionMask = 2147483647;
			files = (
				71DEE067207BFEF20030822F /* LaunchScreen.storyboard in Resources */,
				71DEE064207BFEF20030822F /* Assets.xcassets in Resources */,
				71DEE062207BFEF00030822F /* Main.storyboard in Resources */,
				71A4C5CF2090F9CD00EA8BB7 /* MainTab.xib in Resources */,
				71A4C5CB2090F7E800EA8BB7 /* HistoryViewController.xib in Resources */,
			);
			runOnlyForDeploymentPostprocessing = 0;
		};
		71DEE06B207BFEF20030822F /* Resources */ = {
			isa = PBXResourcesBuildPhase;
			buildActionMask = 2147483647;
			files = (
			);
			runOnlyForDeploymentPostprocessing = 0;
		};
		71DEE076207BFEF20030822F /* Resources */ = {
			isa = PBXResourcesBuildPhase;
			buildActionMask = 2147483647;
			files = (
			);
			runOnlyForDeploymentPostprocessing = 0;
		};
/* End PBXResourcesBuildPhase section */

/* Begin PBXShellScriptBuildPhase section */
		25E95A72A1E32FFBB1CA494B /* [CP] Check Pods Manifest.lock */ = {
			isa = PBXShellScriptBuildPhase;
			buildActionMask = 2147483647;
			files = (
			);
			inputPaths = (
				"${PODS_PODFILE_DIR_PATH}/Podfile.lock",
				"${PODS_ROOT}/Manifest.lock",
			);
			name = "[CP] Check Pods Manifest.lock";
			outputPaths = (
				"$(DERIVED_FILE_DIR)/Pods-UA BalanceTests-checkManifestLockResult.txt",
			);
			runOnlyForDeploymentPostprocessing = 0;
			shellPath = /bin/sh;
			shellScript = "diff \"${PODS_PODFILE_DIR_PATH}/Podfile.lock\" \"${PODS_ROOT}/Manifest.lock\" > /dev/null\nif [ $? != 0 ] ; then\n    # print error to STDERR\n    echo \"error: The sandbox is not in sync with the Podfile.lock. Run 'pod install' or update your CocoaPods installation.\" >&2\n    exit 1\nfi\n# This output is used by Xcode 'outputs' to avoid re-running this script phase.\necho \"SUCCESS\" > \"${SCRIPT_OUTPUT_FILE_0}\"\n";
			showEnvVarsInLog = 0;
		};
		4A34F0D87A787AF1DAD34B16 /* [CP] Check Pods Manifest.lock */ = {
			isa = PBXShellScriptBuildPhase;
			buildActionMask = 2147483647;
			files = (
			);
			inputPaths = (
				"${PODS_PODFILE_DIR_PATH}/Podfile.lock",
				"${PODS_ROOT}/Manifest.lock",
			);
			name = "[CP] Check Pods Manifest.lock";
			outputPaths = (
				"$(DERIVED_FILE_DIR)/Pods-UA BalanceUITests-checkManifestLockResult.txt",
			);
			runOnlyForDeploymentPostprocessing = 0;
			shellPath = /bin/sh;
			shellScript = "diff \"${PODS_PODFILE_DIR_PATH}/Podfile.lock\" \"${PODS_ROOT}/Manifest.lock\" > /dev/null\nif [ $? != 0 ] ; then\n    # print error to STDERR\n    echo \"error: The sandbox is not in sync with the Podfile.lock. Run 'pod install' or update your CocoaPods installation.\" >&2\n    exit 1\nfi\n# This output is used by Xcode 'outputs' to avoid re-running this script phase.\necho \"SUCCESS\" > \"${SCRIPT_OUTPUT_FILE_0}\"\n";
			showEnvVarsInLog = 0;
		};
		6F1726960199EAECC6FD0BA0 /* [CP] Embed Pods Frameworks */ = {
			isa = PBXShellScriptBuildPhase;
			buildActionMask = 2147483647;
			files = (
			);
			inputPaths = (
				"${SRCROOT}/Pods/Target Support Files/Pods-UA Balance/Pods-UA Balance-frameworks.sh",
				"${BUILT_PRODUCTS_DIR}/UICircularProgressRing/UICircularProgressRing.framework",
			);
			name = "[CP] Embed Pods Frameworks";
			outputPaths = (
				"${TARGET_BUILD_DIR}/${FRAMEWORKS_FOLDER_PATH}/UICircularProgressRing.framework",
			);
			runOnlyForDeploymentPostprocessing = 0;
			shellPath = /bin/sh;
			shellScript = "\"${SRCROOT}/Pods/Target Support Files/Pods-UA Balance/Pods-UA Balance-frameworks.sh\"\n";
			showEnvVarsInLog = 0;
		};
		C6F80A0ADCBFBD5DC6F7EE5B /* [CP] Check Pods Manifest.lock */ = {
			isa = PBXShellScriptBuildPhase;
			buildActionMask = 2147483647;
			files = (
			);
			inputPaths = (
				"${PODS_PODFILE_DIR_PATH}/Podfile.lock",
				"${PODS_ROOT}/Manifest.lock",
			);
			name = "[CP] Check Pods Manifest.lock";
			outputPaths = (
				"$(DERIVED_FILE_DIR)/Pods-UA Balance-checkManifestLockResult.txt",
			);
			runOnlyForDeploymentPostprocessing = 0;
			shellPath = /bin/sh;
			shellScript = "diff \"${PODS_PODFILE_DIR_PATH}/Podfile.lock\" \"${PODS_ROOT}/Manifest.lock\" > /dev/null\nif [ $? != 0 ] ; then\n    # print error to STDERR\n    echo \"error: The sandbox is not in sync with the Podfile.lock. Run 'pod install' or update your CocoaPods installation.\" >&2\n    exit 1\nfi\n# This output is used by Xcode 'outputs' to avoid re-running this script phase.\necho \"SUCCESS\" > \"${SCRIPT_OUTPUT_FILE_0}\"\n";
			showEnvVarsInLog = 0;
		};
/* End PBXShellScriptBuildPhase section */

/* Begin PBXSourcesBuildPhase section */
		71DEE053207BFEF00030822F /* Sources */ = {
			isa = PBXSourcesBuildPhase;
			buildActionMask = 2147483647;
			files = (
				71DEE05F207BFEF00030822F /* SecondViewController.swift in Sources */,
				71A4C5C5208FF49200EA8BB7 /* Dayta.swift in Sources */,
				71A4C5C7208FF4B100EA8BB7 /* VoiceGeneration.swift in Sources */,
				71A4C5C3208FF09500EA8BB7 /* Profile.swift in Sources */,
				71A4C5CE2090F9CD00EA8BB7 /* MainTab.swift in Sources */,
				71A4C5C1208FEEB000EA8BB7 /* Controller.swift in Sources */,
				71A4C5D1209169C600EA8BB7 /* RoundButton.swift in Sources */,
				71DEE05B207BFEF00030822F /* AppDelegate.swift in Sources */,
				71DEE05D207BFEF00030822F /* FirstViewController.swift in Sources */,
				71A4C5CA2090F7E800EA8BB7 /* HistoryViewController.swift in Sources */,
			);
			runOnlyForDeploymentPostprocessing = 0;
		};
		71DEE069207BFEF20030822F /* Sources */ = {
			isa = PBXSourcesBuildPhase;
			buildActionMask = 2147483647;
			files = (
				71DEE072207BFEF20030822F /* UA_BalanceTests.swift in Sources */,
			);
			runOnlyForDeploymentPostprocessing = 0;
		};
		71DEE074207BFEF20030822F /* Sources */ = {
			isa = PBXSourcesBuildPhase;
			buildActionMask = 2147483647;
			files = (
				71DEE07D207BFEF20030822F /* UA_BalanceUITests.swift in Sources */,
			);
			runOnlyForDeploymentPostprocessing = 0;
		};
/* End PBXSourcesBuildPhase section */

/* Begin PBXTargetDependency section */
		71DEE06F207BFEF20030822F /* PBXTargetDependency */ = {
			isa = PBXTargetDependency;
			target = 71DEE056207BFEF00030822F /* UA Balance */;
			targetProxy = 71DEE06E207BFEF20030822F /* PBXContainerItemProxy */;
		};
		71DEE07A207BFEF20030822F /* PBXTargetDependency */ = {
			isa = PBXTargetDependency;
			target = 71DEE056207BFEF00030822F /* UA Balance */;
			targetProxy = 71DEE079207BFEF20030822F /* PBXContainerItemProxy */;
		};
/* End PBXTargetDependency section */

/* Begin PBXVariantGroup section */
		71DEE060207BFEF00030822F /* Main.storyboard */ = {
			isa = PBXVariantGroup;
			children = (
				71DEE061207BFEF00030822F /* Base */,
			);
			name = Main.storyboard;
			sourceTree = "<group>";
		};
		71DEE065207BFEF20030822F /* LaunchScreen.storyboard */ = {
			isa = PBXVariantGroup;
			children = (
				71DEE066207BFEF20030822F /* Base */,
			);
			name = LaunchScreen.storyboard;
			sourceTree = "<group>";
		};
/* End PBXVariantGroup section */

/* Begin XCBuildConfiguration section */
		71DEE07F207BFEF20030822F /* Debug */ = {
			isa = XCBuildConfiguration;
			buildSettings = {
				ALWAYS_SEARCH_USER_PATHS = NO;
				CLANG_ANALYZER_NONNULL = YES;
				CLANG_ANALYZER_NUMBER_OBJECT_CONVERSION = YES_AGGRESSIVE;
				CLANG_CXX_LANGUAGE_STANDARD = "gnu++14";
				CLANG_CXX_LIBRARY = "libc++";
				CLANG_ENABLE_MODULES = YES;
				CLANG_ENABLE_OBJC_ARC = YES;
				CLANG_ENABLE_OBJC_WEAK = YES;
				CLANG_WARN_BLOCK_CAPTURE_AUTORELEASING = YES;
				CLANG_WARN_BOOL_CONVERSION = YES;
				CLANG_WARN_COMMA = YES;
				CLANG_WARN_CONSTANT_CONVERSION = YES;
				CLANG_WARN_DEPRECATED_OBJC_IMPLEMENTATIONS = YES;
				CLANG_WARN_DIRECT_OBJC_ISA_USAGE = YES_ERROR;
				CLANG_WARN_DOCUMENTATION_COMMENTS = YES;
				CLANG_WARN_EMPTY_BODY = YES;
				CLANG_WARN_ENUM_CONVERSION = YES;
				CLANG_WARN_INFINITE_RECURSION = YES;
				CLANG_WARN_INT_CONVERSION = YES;
				CLANG_WARN_NON_LITERAL_NULL_CONVERSION = YES;
				CLANG_WARN_OBJC_IMPLICIT_RETAIN_SELF = YES;
				CLANG_WARN_OBJC_LITERAL_CONVERSION = YES;
				CLANG_WARN_OBJC_ROOT_CLASS = YES_ERROR;
				CLANG_WARN_RANGE_LOOP_ANALYSIS = YES;
				CLANG_WARN_STRICT_PROTOTYPES = YES;
				CLANG_WARN_SUSPICIOUS_MOVE = YES;
				CLANG_WARN_UNGUARDED_AVAILABILITY = YES_AGGRESSIVE;
				CLANG_WARN_UNREACHABLE_CODE = YES;
				CLANG_WARN__DUPLICATE_METHOD_MATCH = YES;
				CODE_SIGN_IDENTITY = "iPhone Developer";
				COPY_PHASE_STRIP = NO;
				DEBUG_INFORMATION_FORMAT = dwarf;
				ENABLE_STRICT_OBJC_MSGSEND = YES;
				ENABLE_TESTABILITY = YES;
				GCC_C_LANGUAGE_STANDARD = gnu11;
				GCC_DYNAMIC_NO_PIC = NO;
				GCC_NO_COMMON_BLOCKS = YES;
				GCC_OPTIMIZATION_LEVEL = 0;
				GCC_PREPROCESSOR_DEFINITIONS = (
					"DEBUG=1",
					"$(inherited)",
				);
				GCC_WARN_64_TO_32_BIT_CONVERSION = YES;
				GCC_WARN_ABOUT_RETURN_TYPE = YES_ERROR;
				GCC_WARN_UNDECLARED_SELECTOR = YES;
				GCC_WARN_UNINITIALIZED_AUTOS = YES_AGGRESSIVE;
				GCC_WARN_UNUSED_FUNCTION = YES;
				GCC_WARN_UNUSED_VARIABLE = YES;
				IPHONEOS_DEPLOYMENT_TARGET = 11.3;
				MTL_ENABLE_DEBUG_INFO = YES;
				ONLY_ACTIVE_ARCH = YES;
				SDKROOT = iphoneos;
				SWIFT_ACTIVE_COMPILATION_CONDITIONS = DEBUG;
				SWIFT_OPTIMIZATION_LEVEL = "-Onone";
			};
			name = Debug;
		};
		71DEE080207BFEF20030822F /* Release */ = {
			isa = XCBuildConfiguration;
			buildSettings = {
				ALWAYS_SEARCH_USER_PATHS = NO;
				CLANG_ANALYZER_NONNULL = YES;
				CLANG_ANALYZER_NUMBER_OBJECT_CONVERSION = YES_AGGRESSIVE;
				CLANG_CXX_LANGUAGE_STANDARD = "gnu++14";
				CLANG_CXX_LIBRARY = "libc++";
				CLANG_ENABLE_MODULES = YES;
				CLANG_ENABLE_OBJC_ARC = YES;
				CLANG_ENABLE_OBJC_WEAK = YES;
				CLANG_WARN_BLOCK_CAPTURE_AUTORELEASING = YES;
				CLANG_WARN_BOOL_CONVERSION = YES;
				CLANG_WARN_COMMA = YES;
				CLANG_WARN_CONSTANT_CONVERSION = YES;
				CLANG_WARN_DEPRECATED_OBJC_IMPLEMENTATIONS = YES;
				CLANG_WARN_DIRECT_OBJC_ISA_USAGE = YES_ERROR;
				CLANG_WARN_DOCUMENTATION_COMMENTS = YES;
				CLANG_WARN_EMPTY_BODY = YES;
				CLANG_WARN_ENUM_CONVERSION = YES;
				CLANG_WARN_INFINITE_RECURSION = YES;
				CLANG_WARN_INT_CONVERSION = YES;
				CLANG_WARN_NON_LITERAL_NULL_CONVERSION = YES;
				CLANG_WARN_OBJC_IMPLICIT_RETAIN_SELF = YES;
				CLANG_WARN_OBJC_LITERAL_CONVERSION = YES;
				CLANG_WARN_OBJC_ROOT_CLASS = YES_ERROR;
				CLANG_WARN_RANGE_LOOP_ANALYSIS = YES;
				CLANG_WARN_STRICT_PROTOTYPES = YES;
				CLANG_WARN_SUSPICIOUS_MOVE = YES;
				CLANG_WARN_UNGUARDED_AVAILABILITY = YES_AGGRESSIVE;
				CLANG_WARN_UNREACHABLE_CODE = YES;
				CLANG_WARN__DUPLICATE_METHOD_MATCH = YES;
				CODE_SIGN_IDENTITY = "iPhone Developer";
				COPY_PHASE_STRIP = NO;
				DEBUG_INFORMATION_FORMAT = "dwarf-with-dsym";
				ENABLE_NS_ASSERTIONS = NO;
				ENABLE_STRICT_OBJC_MSGSEND = YES;
				GCC_C_LANGUAGE_STANDARD = gnu11;
				GCC_NO_COMMON_BLOCKS = YES;
				GCC_WARN_64_TO_32_BIT_CONVERSION = YES;
				GCC_WARN_ABOUT_RETURN_TYPE = YES_ERROR;
				GCC_WARN_UNDECLARED_SELECTOR = YES;
				GCC_WARN_UNINITIALIZED_AUTOS = YES_AGGRESSIVE;
				GCC_WARN_UNUSED_FUNCTION = YES;
				GCC_WARN_UNUSED_VARIABLE = YES;
				IPHONEOS_DEPLOYMENT_TARGET = 11.3;
				MTL_ENABLE_DEBUG_INFO = NO;
				SDKROOT = iphoneos;
				SWIFT_COMPILATION_MODE = wholemodule;
				SWIFT_OPTIMIZATION_LEVEL = "-O";
				VALIDATE_PRODUCT = YES;
			};
			name = Release;
		};
		71DEE082207BFEF20030822F /* Debug */ = {
			isa = XCBuildConfiguration;
			baseConfigurationReference = D72D3C7772B81A62B5EB896D /* Pods-UA Balance.debug.xcconfig */;
			buildSettings = {
				ASSETCATALOG_COMPILER_APPICON_NAME = AppIcon;
				CODE_SIGN_STYLE = Automatic;
				DEVELOPMENT_TEAM = 2W7LJ5Z3WC;
				INFOPLIST_FILE = "UA Balance/Info.plist";
				LD_RUNPATH_SEARCH_PATHS = (
					"$(inherited)",
					"@executable_path/Frameworks",
				);
				PRODUCT_BUNDLE_IDENTIFIER = "ganon.UA-Balance";
				PRODUCT_NAME = "$(TARGET_NAME)";
				SWIFT_VERSION = 4.0;
				TARGETED_DEVICE_FAMILY = 1;
			};
			name = Debug;
		};
		71DEE083207BFEF20030822F /* Release */ = {
			isa = XCBuildConfiguration;
			baseConfigurationReference = 48253F4C36581BEB556E8E46 /* Pods-UA Balance.release.xcconfig */;
			buildSettings = {
				ASSETCATALOG_COMPILER_APPICON_NAME = AppIcon;
				CODE_SIGN_STYLE = Automatic;
				DEVELOPMENT_TEAM = 2W7LJ5Z3WC;
				INFOPLIST_FILE = "UA Balance/Info.plist";
				LD_RUNPATH_SEARCH_PATHS = (
					"$(inherited)",
					"@executable_path/Frameworks",
				);
				PRODUCT_BUNDLE_IDENTIFIER = "ganon.UA-Balance";
				PRODUCT_NAME = "$(TARGET_NAME)";
				SWIFT_VERSION = 4.0;
				TARGETED_DEVICE_FAMILY = 1;
			};
			name = Release;
		};
		71DEE085207BFEF20030822F /* Debug */ = {
			isa = XCBuildConfiguration;
			baseConfigurationReference = F088C03EA2428C67A7F63106 /* Pods-UA BalanceTests.debug.xcconfig */;
			buildSettings = {
				ALWAYS_EMBED_SWIFT_STANDARD_LIBRARIES = YES;
				BUNDLE_LOADER = "$(TEST_HOST)";
				CODE_SIGN_STYLE = Automatic;
				INFOPLIST_FILE = "UA BalanceTests/Info.plist";
				LD_RUNPATH_SEARCH_PATHS = (
					"$(inherited)",
					"@executable_path/Frameworks",
					"@loader_path/Frameworks",
				);
				PRODUCT_BUNDLE_IDENTIFIER = "ganon.UA-BalanceTests";
				PRODUCT_NAME = "$(TARGET_NAME)";
				SWIFT_VERSION = 4.0;
				TARGETED_DEVICE_FAMILY = "1,2";
				TEST_HOST = "$(BUILT_PRODUCTS_DIR)/UA Balance.app/UA Balance";
			};
			name = Debug;
		};
		71DEE086207BFEF20030822F /* Release */ = {
			isa = XCBuildConfiguration;
			baseConfigurationReference = EE2575BA6B92589F60A32785 /* Pods-UA BalanceTests.release.xcconfig */;
			buildSettings = {
				ALWAYS_EMBED_SWIFT_STANDARD_LIBRARIES = YES;
				BUNDLE_LOADER = "$(TEST_HOST)";
				CODE_SIGN_STYLE = Automatic;
				INFOPLIST_FILE = "UA BalanceTests/Info.plist";
				LD_RUNPATH_SEARCH_PATHS = (
					"$(inherited)",
					"@executable_path/Frameworks",
					"@loader_path/Frameworks",
				);
				PRODUCT_BUNDLE_IDENTIFIER = "ganon.UA-BalanceTests";
				PRODUCT_NAME = "$(TARGET_NAME)";
				SWIFT_VERSION = 4.0;
				TARGETED_DEVICE_FAMILY = "1,2";
				TEST_HOST = "$(BUILT_PRODUCTS_DIR)/UA Balance.app/UA Balance";
			};
			name = Release;
		};
		71DEE088207BFEF20030822F /* Debug */ = {
			isa = XCBuildConfiguration;
			baseConfigurationReference = 24E8EE4FDA1F05884B0BBADD /* Pods-UA BalanceUITests.debug.xcconfig */;
			buildSettings = {
				ALWAYS_EMBED_SWIFT_STANDARD_LIBRARIES = YES;
				CODE_SIGN_STYLE = Automatic;
				INFOPLIST_FILE = "UA BalanceUITests/Info.plist";
				LD_RUNPATH_SEARCH_PATHS = (
					"$(inherited)",
					"@executable_path/Frameworks",
					"@loader_path/Frameworks",
				);
				PRODUCT_BUNDLE_IDENTIFIER = "ganon.UA-BalanceUITests";
				PRODUCT_NAME = "$(TARGET_NAME)";
				SWIFT_VERSION = 4.0;
				TARGETED_DEVICE_FAMILY = "1,2";
				TEST_TARGET_NAME = "UA Balance";
			};
			name = Debug;
		};
		71DEE089207BFEF20030822F /* Release */ = {
			isa = XCBuildConfiguration;
			baseConfigurationReference = D0315E521943F1B149906066 /* Pods-UA BalanceUITests.release.xcconfig */;
			buildSettings = {
				ALWAYS_EMBED_SWIFT_STANDARD_LIBRARIES = YES;
				CODE_SIGN_STYLE = Automatic;
				INFOPLIST_FILE = "UA BalanceUITests/Info.plist";
				LD_RUNPATH_SEARCH_PATHS = (
					"$(inherited)",
					"@executable_path/Frameworks",
					"@loader_path/Frameworks",
				);
				PRODUCT_BUNDLE_IDENTIFIER = "ganon.UA-BalanceUITests";
				PRODUCT_NAME = "$(TARGET_NAME)";
				SWIFT_VERSION = 4.0;
				TARGETED_DEVICE_FAMILY = "1,2";
				TEST_TARGET_NAME = "UA Balance";
			};
			name = Release;
		};
/* End XCBuildConfiguration section */

/* Begin XCConfigurationList section */
		71DEE052207BFEF00030822F /* Build configuration list for PBXProject "UA Balance" */ = {
			isa = XCConfigurationList;
			buildConfigurations = (
				71DEE07F207BFEF20030822F /* Debug */,
				71DEE080207BFEF20030822F /* Release */,
			);
			defaultConfigurationIsVisible = 0;
			defaultConfigurationName = Release;
		};
		71DEE081207BFEF20030822F /* Build configuration list for PBXNativeTarget "UA Balance" */ = {
			isa = XCConfigurationList;
			buildConfigurations = (
				71DEE082207BFEF20030822F /* Debug */,
				71DEE083207BFEF20030822F /* Release */,
			);
			defaultConfigurationIsVisible = 0;
			defaultConfigurationName = Release;
		};
		71DEE084207BFEF20030822F /* Build configuration list for PBXNativeTarget "UA BalanceTests" */ = {
			isa = XCConfigurationList;
			buildConfigurations = (
				71DEE085207BFEF20030822F /* Debug */,
				71DEE086207BFEF20030822F /* Release */,
			);
			defaultConfigurationIsVisible = 0;
			defaultConfigurationName = Release;
		};
		71DEE087207BFEF20030822F /* Build configuration list for PBXNativeTarget "UA BalanceUITests" */ = {
			isa = XCConfigurationList;
			buildConfigurations = (
				71DEE088207BFEF20030822F /* Debug */,
				71DEE089207BFEF20030822F /* Release */,
			);
			defaultConfigurationIsVisible = 0;
			defaultConfigurationName = Release;
		};
/* End XCConfigurationList section */
	};
	rootObject = 71DEE04F207BFEF00030822F /* Project object */;
}
